
Microsoft Visual Studio Solution File, Format Version 12.00
# Visual Studio Version 18
VisualStudioVersion = 18.4.11626.88 stable
MinimumVisualStudioVersion = 10.0.40219.1
Project("{FAE04EC0-301F-11D3-BF4B-00C04F79EFBC}") = "IsLabApp", "IsLabApp.csproj", "{4EA2428F-3B5D-9E3B-510C-B1C0C5E6A040}"
EndProject
Global
	GlobalSection(SolutionConfigurationPlatforms) = preSolution
		Debug|Any CPU = Debug|Any CPU
		Release|Any CPU = Release|Any CPU
	EndGlobalSection
	GlobalSection(ProjectConfigurationPlatforms) = postSolution
		{4EA2428F-3B5D-9E3B-510C-B1C0C5E6A040}.Debug|Any CPU.ActiveCfg = Debug|Any CPU
		{4EA2428F-3B5D-9E3B-510C-B1C0C5E6A040}.Debug|Any CPU.Build.0 = Debug|Any CPU
		{4EA2428F-3B5D-9E3B-510C-B1C0C5E6A040}.Release|Any CPU.ActiveCfg = Release|Any CPU
		{4EA2428F-3B5D-9E3B-510C-B1C0C5E6A040}.Release|Any CPU.Build.0 = Release|Any CPU
	EndGlobalSection
	GlobalSection(SolutionProperties) = preSolution
		HideSolutionNode = FALSE
	EndGlobalSection
	GlobalSection(ExtensibilityGlobals) = postSolution
		SolutionGuid = {B345DA95-CE1D-4874-AE8F-F5875FA2A1D1}
	EndGlobalSection
EndGlobal
